// !$*UTF8*$!
{
	archiveVersion = 1;
	classes = {
	};
	objectVersion = 46;
	objects = {

/* Begin PBXBuildFile section */
		33259C131BD50728007FD769 /* ofxBaseGui.cpp in Sources */ = {isa = PBXBuildFile; fileRef = 33259C021BD50728007FD769 /* ofxBaseGui.cpp */; settings = {ASSET_TAGS = (); }; };
		33259C141BD50728007FD769 /* ofxButton.cpp in Sources */ = {isa = PBXBuildFile; fileRef = 33259C041BD50728007FD769 /* ofxButton.cpp */; settings = {ASSET_TAGS = (); }; };
		33259C151BD50728007FD769 /* ofxGuiGroup.cpp in Sources */ = {isa = PBXBuildFile; fileRef = 33259C071BD50728007FD769 /* ofxGuiGroup.cpp */; settings = {ASSET_TAGS = (); }; };
		33259C161BD50728007FD769 /* ofxLabel.cpp in Sources */ = {isa = PBXBuildFile; fileRef = 33259C091BD50728007FD769 /* ofxLabel.cpp */; settings = {ASSET_TAGS = (); }; };
		33259C171BD50728007FD769 /* ofxPanel.cpp in Sources */ = {isa = PBXBuildFile; fileRef = 33259C0B1BD50728007FD769 /* ofxPanel.cpp */; settings = {ASSET_TAGS = (); }; };
		33259C181BD50728007FD769 /* ofxSlider.cpp in Sources */ = {isa = PBXBuildFile; fileRef = 33259C0D1BD50728007FD769 /* ofxSlider.cpp */; settings = {ASSET_TAGS = (); }; };
		33259C191BD50728007FD769 /* ofxSliderGroup.cpp in Sources */ = {isa = PBXBuildFile; fileRef = 33259C0F1BD50728007FD769 /* ofxSliderGroup.cpp */; settings = {ASSET_TAGS = (); }; };
		33259C1A1BD50728007FD769 /* ofxToggle.cpp in Sources */ = {isa = PBXBuildFile; fileRef = 33259C111BD50728007FD769 /* ofxToggle.cpp */; settings = {ASSET_TAGS = (); }; };
		333FA9CF1BD913F700F984E8 /* data in CopyFiles */ = {isa = PBXBuildFile; fileRef = 333FA9CE1BD913F700F984E8 /* data */; };
		333FA9FB1BD9268600F984E8 /* ofxOscBundle.cpp in Sources */ = {isa = PBXBuildFile; fileRef = 333FA9D41BD9268600F984E8 /* ofxOscBundle.cpp */; settings = {ASSET_TAGS = (); }; };
		333FA9FC1BD9268600F984E8 /* ofxOscMessage.cpp in Sources */ = {isa = PBXBuildFile; fileRef = 333FA9D61BD9268600F984E8 /* ofxOscMessage.cpp */; settings = {ASSET_TAGS = (); }; };
		333FA9FD1BD9268600F984E8 /* ofxOscParameterSync.cpp in Sources */ = {isa = PBXBuildFile; fileRef = 333FA9D81BD9268600F984E8 /* ofxOscParameterSync.cpp */; settings = {ASSET_TAGS = (); }; };
		333FA9FE1BD9268600F984E8 /* ofxOscReceiver.cpp in Sources */ = {isa = PBXBuildFile; fileRef = 333FA9DA1BD9268600F984E8 /* ofxOscReceiver.cpp */; settings = {ASSET_TAGS = (); }; };
		333FA9FF1BD9268600F984E8 /* ofxOscSender.cpp in Sources */ = {isa = PBXBuildFile; fileRef = 333FA9DC1BD9268600F984E8 /* ofxOscSender.cpp */; settings = {ASSET_TAGS = (); }; };
		333FAA001BD9268600F984E8 /* IpEndpointName.cpp in Sources */ = {isa = PBXBuildFile; fileRef = 333FA9E21BD9268600F984E8 /* IpEndpointName.cpp */; settings = {ASSET_TAGS = (); }; };
		333FAA011BD9268600F984E8 /* NetworkingUtils.cpp in Sources */ = {isa = PBXBuildFile; fileRef = 333FA9E71BD9268600F984E8 /* NetworkingUtils.cpp */; settings = {ASSET_TAGS = (); }; };
		333FAA021BD9268600F984E8 /* UdpSocket.cpp in Sources */ = {isa = PBXBuildFile; fileRef = 333FA9E81BD9268600F984E8 /* UdpSocket.cpp */; settings = {ASSET_TAGS = (); }; };
		333FAA031BD9268600F984E8 /* OscOutboundPacketStream.cpp in Sources */ = {isa = PBXBuildFile; fileRef = 333FA9F21BD9268600F984E8 /* OscOutboundPacketStream.cpp */; settings = {ASSET_TAGS = (); }; };
		333FAA041BD9268600F984E8 /* OscPrintReceivedElements.cpp in Sources */ = {isa = PBXBuildFile; fileRef = 333FA9F51BD9268600F984E8 /* OscPrintReceivedElements.cpp */; settings = {ASSET_TAGS = (); }; };
		333FAA051BD9268600F984E8 /* OscReceivedElements.cpp in Sources */ = {isa = PBXBuildFile; fileRef = 333FA9F71BD9268600F984E8 /* OscReceivedElements.cpp */; settings = {ASSET_TAGS = (); }; };
		333FAA061BD9268600F984E8 /* OscTypes.cpp in Sources */ = {isa = PBXBuildFile; fileRef = 333FA9F91BD9268600F984E8 /* OscTypes.cpp */; settings = {ASSET_TAGS = (); }; };
		3393035F1BCF9E3400EC1286 /* Brush.cpp in Sources */ = {isa = PBXBuildFile; fileRef = 3393035D1BCF9E3400EC1286 /* Brush.cpp */; settings = {ASSET_TAGS = (); }; };
		33934E211BD8D46700B96EB9 /* SuperCollider.cpp in Sources */ = {isa = PBXBuildFile; fileRef = 33934E1F1BD8D46700B96EB9 /* SuperCollider.cpp */; settings = {ASSET_TAGS = (); }; };
		33E085701BCB93070054B404 /* DataSource.cpp in Sources */ = {isa = PBXBuildFile; fileRef = 33E0856E1BCB93070054B404 /* DataSource.cpp */; settings = {ASSET_TAGS = (); }; };
		33E0857A1BCC14A60054B404 /* ScatterPlots.cpp in Sources */ = {isa = PBXBuildFile; fileRef = 33E085711BCBAF9A0054B404 /* ScatterPlots.cpp */; settings = {ASSET_TAGS = (); }; };
		33E9F4361BD011C700A64DE6 /* BoxCoordinates.cpp in Sources */ = {isa = PBXBuildFile; fileRef = 33E9F4341BD011C700A64DE6 /* BoxCoordinates.cpp */; settings = {ASSET_TAGS = (); }; };
		E4328149138ABC9F0047C5CB /* openFrameworksDebug.a in Frameworks */ = {isa = PBXBuildFile; fileRef = E4328148138ABC890047C5CB /* openFrameworksDebug.a */; };
		E4B69E200A3A1BDC003C02F2 /* main.cpp in Sources */ = {isa = PBXBuildFile; fileRef = E4B69E1D0A3A1BDC003C02F2 /* main.cpp */; };
		E4B69E210A3A1BDC003C02F2 /* ofApp.cpp in Sources */ = {isa = PBXBuildFile; fileRef = E4B69E1E0A3A1BDC003C02F2 /* ofApp.cpp */; };
/* End PBXBuildFile section */

/* Begin PBXContainerItemProxy section */
		E4328147138ABC890047C5CB /* PBXContainerItemProxy */ = {
			isa = PBXContainerItemProxy;
			containerPortal = E4328143138ABC890047C5CB /* openFrameworksLib.xcodeproj */;
			proxyType = 2;
			remoteGlobalIDString = E4B27C1510CBEB8E00536013;
			remoteInfo = openFrameworks;
		};
		E4EEB9AB138B136A00A80321 /* PBXContainerItemProxy */ = {
			isa = PBXContainerItemProxy;
			containerPortal = E4328143138ABC890047C5CB /* openFrameworksLib.xcodeproj */;
			proxyType = 1;
			remoteGlobalIDString = E4B27C1410CBEB8E00536013;
			remoteInfo = openFrameworks;
		};
/* End PBXContainerItemProxy section */

/* Begin PBXCopyFilesBuildPhase section */
		E4C2427710CC5ABF004149E2 /* CopyFiles */ = {
			isa = PBXCopyFilesBuildPhase;
			buildActionMask = 2147483647;
			dstPath = "";
			dstSubfolderSpec = 7;
			files = (
				333FA9CF1BD913F700F984E8 /* data in CopyFiles */,
			);
			runOnlyForDeploymentPostprocessing = 0;
		};
/* End PBXCopyFilesBuildPhase section */

/* Begin PBXFileReference section */
		332314521BCEAFE000188A9B /* mapping.h */ = {isa = PBXFileReference; fileEncoding = 4; lastKnownFileType = sourcecode.c.h; path = mapping.h; sourceTree = "<group>"; };
		33259C021BD50728007FD769 /* ofxBaseGui.cpp */ = {isa = PBXFileReference; lastKnownFileType = sourcecode.cpp.cpp; path = ofxBaseGui.cpp; sourceTree = "<group>"; };
		33259C031BD50728007FD769 /* ofxBaseGui.h */ = {isa = PBXFileReference; lastKnownFileType = sourcecode.c.h; path = ofxBaseGui.h; sourceTree = "<group>"; };
		33259C041BD50728007FD769 /* ofxButton.cpp */ = {isa = PBXFileReference; lastKnownFileType = sourcecode.cpp.cpp; path = ofxButton.cpp; sourceTree = "<group>"; };
		33259C051BD50728007FD769 /* ofxButton.h */ = {isa = PBXFileReference; lastKnownFileType = sourcecode.c.h; path = ofxButton.h; sourceTree = "<group>"; };
		33259C061BD50728007FD769 /* ofxGui.h */ = {isa = PBXFileReference; lastKnownFileType = sourcecode.c.h; path = ofxGui.h; sourceTree = "<group>"; };
		33259C071BD50728007FD769 /* ofxGuiGroup.cpp */ = {isa = PBXFileReference; lastKnownFileType = sourcecode.cpp.cpp; path = ofxGuiGroup.cpp; sourceTree = "<group>"; };
		33259C081BD50728007FD769 /* ofxGuiGroup.h */ = {isa = PBXFileReference; lastKnownFileType = sourcecode.c.h; path = ofxGuiGroup.h; sourceTree = "<group>"; };
		33259C091BD50728007FD769 /* ofxLabel.cpp */ = {isa = PBXFileReference; lastKnownFileType = sourcecode.cpp.cpp; path = ofxLabel.cpp; sourceTree = "<group>"; };
		33259C0A1BD50728007FD769 /* ofxLabel.h */ = {isa = PBXFileReference; lastKnownFileType = sourcecode.c.h; path = ofxLabel.h; sourceTree = "<group>"; };
		33259C0B1BD50728007FD769 /* ofxPanel.cpp */ = {isa = PBXFileReference; lastKnownFileType = sourcecode.cpp.cpp; path = ofxPanel.cpp; sourceTree = "<group>"; };
		33259C0C1BD50728007FD769 /* ofxPanel.h */ = {isa = PBXFileReference; lastKnownFileType = sourcecode.c.h; path = ofxPanel.h; sourceTree = "<group>"; };
		33259C0D1BD50728007FD769 /* ofxSlider.cpp */ = {isa = PBXFileReference; lastKnownFileType = sourcecode.cpp.cpp; path = ofxSlider.cpp; sourceTree = "<group>"; };
		33259C0E1BD50728007FD769 /* ofxSlider.h */ = {isa = PBXFileReference; lastKnownFileType = sourcecode.c.h; path = ofxSlider.h; sourceTree = "<group>"; };
		33259C0F1BD50728007FD769 /* ofxSliderGroup.cpp */ = {isa = PBXFileReference; lastKnownFileType = sourcecode.cpp.cpp; path = ofxSliderGroup.cpp; sourceTree = "<group>"; };
		33259C101BD50728007FD769 /* ofxSliderGroup.h */ = {isa = PBXFileReference; lastKnownFileType = sourcecode.c.h; path = ofxSliderGroup.h; sourceTree = "<group>"; };
		33259C111BD50728007FD769 /* ofxToggle.cpp */ = {isa = PBXFileReference; lastKnownFileType = sourcecode.cpp.cpp; path = ofxToggle.cpp; sourceTree = "<group>"; };
		33259C121BD50728007FD769 /* ofxToggle.h */ = {isa = PBXFileReference; lastKnownFileType = sourcecode.c.h; path = ofxToggle.h; sourceTree = "<group>"; };
		333FA9CE1BD913F700F984E8 /* data */ = {isa = PBXFileReference; lastKnownFileType = folder; path = data; sourceTree = "<group>"; };
		333FA9D21BD9268600F984E8 /* ofxOsc.h */ = {isa = PBXFileReference; lastKnownFileType = sourcecode.c.h; path = ofxOsc.h; sourceTree = "<group>"; };
		333FA9D31BD9268600F984E8 /* ofxOscArg.h */ = {isa = PBXFileReference; lastKnownFileType = sourcecode.c.h; path = ofxOscArg.h; sourceTree = "<group>"; };
		333FA9D41BD9268600F984E8 /* ofxOscBundle.cpp */ = {isa = PBXFileReference; lastKnownFileType = sourcecode.cpp.cpp; path = ofxOscBundle.cpp; sourceTree = "<group>"; };
		333FA9D51BD9268600F984E8 /* ofxOscBundle.h */ = {isa = PBXFileReference; lastKnownFileType = sourcecode.c.h; path = ofxOscBundle.h; sourceTree = "<group>"; };
		333FA9D61BD9268600F984E8 /* ofxOscMessage.cpp */ = {isa = PBXFileReference; lastKnownFileType = sourcecode.cpp.cpp; path = ofxOscMessage.cpp; sourceTree = "<group>"; };
		333FA9D71BD9268600F984E8 /* ofxOscMessage.h */ = {isa = PBXFileReference; lastKnownFileType = sourcecode.c.h; path = ofxOscMessage.h; sourceTree = "<group>"; };
		333FA9D81BD9268600F984E8 /* ofxOscParameterSync.cpp */ = {isa = PBXFileReference; lastKnownFileType = sourcecode.cpp.cpp; path = ofxOscParameterSync.cpp; sourceTree = "<group>"; };
		333FA9D91BD9268600F984E8 /* ofxOscParameterSync.h */ = {isa = PBXFileReference; lastKnownFileType = sourcecode.c.h; path = ofxOscParameterSync.h; sourceTree = "<group>"; };
		333FA9DA1BD9268600F984E8 /* ofxOscReceiver.cpp */ = {isa = PBXFileReference; lastKnownFileType = sourcecode.cpp.cpp; path = ofxOscReceiver.cpp; sourceTree = "<group>"; };
		333FA9DB1BD9268600F984E8 /* ofxOscReceiver.h */ = {isa = PBXFileReference; lastKnownFileType = sourcecode.c.h; path = ofxOscReceiver.h; sourceTree = "<group>"; };
		333FA9DC1BD9268600F984E8 /* ofxOscSender.cpp */ = {isa = PBXFileReference; lastKnownFileType = sourcecode.cpp.cpp; path = ofxOscSender.cpp; sourceTree = "<group>"; };
		333FA9DD1BD9268600F984E8 /* ofxOscSender.h */ = {isa = PBXFileReference; lastKnownFileType = sourcecode.c.h; path = ofxOscSender.h; sourceTree = "<group>"; };
		333FA9E21BD9268600F984E8 /* IpEndpointName.cpp */ = {isa = PBXFileReference; lastKnownFileType = sourcecode.cpp.cpp; path = IpEndpointName.cpp; sourceTree = "<group>"; };
		333FA9E31BD9268600F984E8 /* IpEndpointName.h */ = {isa = PBXFileReference; lastKnownFileType = sourcecode.c.h; path = IpEndpointName.h; sourceTree = "<group>"; };
		333FA9E41BD9268600F984E8 /* NetworkingUtils.h */ = {isa = PBXFileReference; lastKnownFileType = sourcecode.c.h; path = NetworkingUtils.h; sourceTree = "<group>"; };
		333FA9E51BD9268600F984E8 /* PacketListener.h */ = {isa = PBXFileReference; lastKnownFileType = sourcecode.c.h; path = PacketListener.h; sourceTree = "<group>"; };
		333FA9E71BD9268600F984E8 /* NetworkingUtils.cpp */ = {isa = PBXFileReference; lastKnownFileType = sourcecode.cpp.cpp; path = NetworkingUtils.cpp; sourceTree = "<group>"; };
		333FA9E81BD9268600F984E8 /* UdpSocket.cpp */ = {isa = PBXFileReference; lastKnownFileType = sourcecode.cpp.cpp; path = UdpSocket.cpp; sourceTree = "<group>"; };
		333FA9E91BD9268600F984E8 /* TimerListener.h */ = {isa = PBXFileReference; lastKnownFileType = sourcecode.c.h; path = TimerListener.h; sourceTree = "<group>"; };
		333FA9EA1BD9268600F984E8 /* UdpSocket.h */ = {isa = PBXFileReference; lastKnownFileType = sourcecode.c.h; path = UdpSocket.h; sourceTree = "<group>"; };
		333FA9EF1BD9268600F984E8 /* MessageMappingOscPacketListener.h */ = {isa = PBXFileReference; lastKnownFileType = sourcecode.c.h; path = MessageMappingOscPacketListener.h; sourceTree = "<group>"; };
		333FA9F01BD9268600F984E8 /* OscException.h */ = {isa = PBXFileReference; lastKnownFileType = sourcecode.c.h; path = OscException.h; sourceTree = "<group>"; };
		333FA9F11BD9268600F984E8 /* OscHostEndianness.h */ = {isa = PBXFileReference; lastKnownFileType = sourcecode.c.h; path = OscHostEndianness.h; sourceTree = "<group>"; };
		333FA9F21BD9268600F984E8 /* OscOutboundPacketStream.cpp */ = {isa = PBXFileReference; lastKnownFileType = sourcecode.cpp.cpp; path = OscOutboundPacketStream.cpp; sourceTree = "<group>"; };
		333FA9F31BD9268600F984E8 /* OscOutboundPacketStream.h */ = {isa = PBXFileReference; lastKnownFileType = sourcecode.c.h; path = OscOutboundPacketStream.h; sourceTree = "<group>"; };
		333FA9F41BD9268600F984E8 /* OscPacketListener.h */ = {isa = PBXFileReference; lastKnownFileType = sourcecode.c.h; path = OscPacketListener.h; sourceTree = "<group>"; };
		333FA9F51BD9268600F984E8 /* OscPrintReceivedElements.cpp */ = {isa = PBXFileReference; lastKnownFileType = sourcecode.cpp.cpp; path = OscPrintReceivedElements.cpp; sourceTree = "<group>"; };
		333FA9F61BD9268600F984E8 /* OscPrintReceivedElements.h */ = {isa = PBXFileReference; lastKnownFileType = sourcecode.c.h; path = OscPrintReceivedElements.h; sourceTree = "<group>"; };
		333FA9F71BD9268600F984E8 /* OscReceivedElements.cpp */ = {isa = PBXFileReference; lastKnownFileType = sourcecode.cpp.cpp; path = OscReceivedElements.cpp; sourceTree = "<group>"; };
		333FA9F81BD9268600F984E8 /* OscReceivedElements.h */ = {isa = PBXFileReference; lastKnownFileType = sourcecode.c.h; path = OscReceivedElements.h; sourceTree = "<group>"; };
		333FA9F91BD9268600F984E8 /* OscTypes.cpp */ = {isa = PBXFileReference; lastKnownFileType = sourcecode.cpp.cpp; path = OscTypes.cpp; sourceTree = "<group>"; };
		333FA9FA1BD9268600F984E8 /* OscTypes.h */ = {isa = PBXFileReference; lastKnownFileType = sourcecode.c.h; path = OscTypes.h; sourceTree = "<group>"; };
		3393035D1BCF9E3400EC1286 /* Brush.cpp */ = {isa = PBXFileReference; fileEncoding = 4; lastKnownFileType = sourcecode.cpp.cpp; path = Brush.cpp; sourceTree = "<group>"; };
		3393035E1BCF9E3400EC1286 /* Brush.hpp */ = {isa = PBXFileReference; fileEncoding = 4; lastKnownFileType = sourcecode.cpp.h; path = Brush.hpp; sourceTree = "<group>"; };
		33934E1F1BD8D46700B96EB9 /* SuperCollider.cpp */ = {isa = PBXFileReference; fileEncoding = 4; lastKnownFileType = sourcecode.cpp.cpp; path = SuperCollider.cpp; sourceTree = "<group>"; };
		33934E201BD8D46700B96EB9 /* SuperCollider.hpp */ = {isa = PBXFileReference; fileEncoding = 4; lastKnownFileType = sourcecode.cpp.h; path = SuperCollider.hpp; sourceTree = "<group>"; };
		33E0856E1BCB93070054B404 /* DataSource.cpp */ = {isa = PBXFileReference; fileEncoding = 4; lastKnownFileType = sourcecode.cpp.cpp; path = DataSource.cpp; sourceTree = "<group>"; };
		33E0856F1BCB93070054B404 /* DataSource.hpp */ = {isa = PBXFileReference; fileEncoding = 4; lastKnownFileType = sourcecode.cpp.h; path = DataSource.hpp; sourceTree = "<group>"; };
		33E085711BCBAF9A0054B404 /* ScatterPlots.cpp */ = {isa = PBXFileReference; fileEncoding = 4; lastKnownFileType = sourcecode.cpp.cpp; path = ScatterPlots.cpp; sourceTree = "<group>"; };
		33E085721BCBAF9A0054B404 /* ScatterPlots.hpp */ = {isa = PBXFileReference; fileEncoding = 4; lastKnownFileType = sourcecode.cpp.h; path = ScatterPlots.hpp; sourceTree = "<group>"; };
		33E9F4341BD011C700A64DE6 /* BoxCoordinates.cpp */ = {isa = PBXFileReference; fileEncoding = 4; lastKnownFileType = sourcecode.cpp.cpp; path = BoxCoordinates.cpp; sourceTree = "<group>"; };
		33E9F4351BD011C700A64DE6 /* BoxCoordinates.hpp */ = {isa = PBXFileReference; fileEncoding = 4; lastKnownFileType = sourcecode.cpp.h; path = BoxCoordinates.hpp; sourceTree = "<group>"; };
		33E9F4371BD01A2300A64DE6 /* style.h */ = {isa = PBXFileReference; fileEncoding = 4; lastKnownFileType = sourcecode.c.h; path = style.h; sourceTree = "<group>"; };
		E4328143138ABC890047C5CB /* openFrameworksLib.xcodeproj */ = {isa = PBXFileReference; lastKnownFileType = "wrapper.pb-project"; name = openFrameworksLib.xcodeproj; path = ../../../libs/openFrameworksCompiled/project/osx/openFrameworksLib.xcodeproj; sourceTree = SOURCE_ROOT; };
		E4B69B5B0A3A1756003C02F2 /* PlaySPLOMDebug.app */ = {isa = PBXFileReference; explicitFileType = wrapper.application; includeInIndex = 0; path = PlaySPLOMDebug.app; sourceTree = BUILT_PRODUCTS_DIR; };
		E4B69E1D0A3A1BDC003C02F2 /* main.cpp */ = {isa = PBXFileReference; fileEncoding = 30; lastKnownFileType = sourcecode.cpp.cpp; name = main.cpp; path = src/main.cpp; sourceTree = SOURCE_ROOT; };
		E4B69E1E0A3A1BDC003C02F2 /* ofApp.cpp */ = {isa = PBXFileReference; explicitFileType = sourcecode.cpp.cpp; fileEncoding = 30; name = ofApp.cpp; path = src/ofApp.cpp; sourceTree = SOURCE_ROOT; };
		E4B69E1F0A3A1BDC003C02F2 /* ofApp.h */ = {isa = PBXFileReference; fileEncoding = 30; lastKnownFileType = sourcecode.c.h; name = ofApp.h; path = src/ofApp.h; sourceTree = SOURCE_ROOT; };
		E4B6FCAD0C3E899E008CF71C /* openFrameworks-Info.plist */ = {isa = PBXFileReference; fileEncoding = 30; lastKnownFileType = text.plist.xml; path = "openFrameworks-Info.plist"; sourceTree = "<group>"; };
		E4EB691F138AFCF100A09F29 /* CoreOF.xcconfig */ = {isa = PBXFileReference; fileEncoding = 4; lastKnownFileType = text.xcconfig; name = CoreOF.xcconfig; path = ../../../libs/openFrameworksCompiled/project/osx/CoreOF.xcconfig; sourceTree = SOURCE_ROOT; };
		E4EB6923138AFD0F00A09F29 /* Project.xcconfig */ = {isa = PBXFileReference; fileEncoding = 4; lastKnownFileType = text.xcconfig; path = Project.xcconfig; sourceTree = "<group>"; };
/* End PBXFileReference section */

/* Begin PBXFrameworksBuildPhase section */
		E4B69B590A3A1756003C02F2 /* Frameworks */ = {
			isa = PBXFrameworksBuildPhase;
			buildActionMask = 2147483647;
			files = (
				E4328149138ABC9F0047C5CB /* openFrameworksDebug.a in Frameworks */,
			);
			runOnlyForDeploymentPostprocessing = 0;
		};
/* End PBXFrameworksBuildPhase section */

/* Begin PBXGroup section */
		33259C001BD50728007FD769 /* ofxGui */ = {
			isa = PBXGroup;
			children = (
				33259C011BD50728007FD769 /* src */,
			);
			name = ofxGui;
			sourceTree = "<group>";
		};
		33259C011BD50728007FD769 /* src */ = {
			isa = PBXGroup;
			children = (
				33259C021BD50728007FD769 /* ofxBaseGui.cpp */,
				33259C031BD50728007FD769 /* ofxBaseGui.h */,
				33259C041BD50728007FD769 /* ofxButton.cpp */,
				33259C051BD50728007FD769 /* ofxButton.h */,
				33259C061BD50728007FD769 /* ofxGui.h */,
				33259C071BD50728007FD769 /* ofxGuiGroup.cpp */,
				33259C081BD50728007FD769 /* ofxGuiGroup.h */,
				33259C091BD50728007FD769 /* ofxLabel.cpp */,
				33259C0A1BD50728007FD769 /* ofxLabel.h */,
				33259C0B1BD50728007FD769 /* ofxPanel.cpp */,
				33259C0C1BD50728007FD769 /* ofxPanel.h */,
				33259C0D1BD50728007FD769 /* ofxSlider.cpp */,
				33259C0E1BD50728007FD769 /* ofxSlider.h */,
				33259C0F1BD50728007FD769 /* ofxSliderGroup.cpp */,
				33259C101BD50728007FD769 /* ofxSliderGroup.h */,
				33259C111BD50728007FD769 /* ofxToggle.cpp */,
				33259C121BD50728007FD769 /* ofxToggle.h */,
			);
			name = src;
			path = ../../../addons/ofxGui/src;
			sourceTree = "<group>";
		};
		333FA9D01BD9268600F984E8 /* ofxOsc */ = {
			isa = PBXGroup;
			children = (
				333FA9D11BD9268600F984E8 /* src */,
				333FA9DE1BD9268600F984E8 /* libs */,
			);
			name = ofxOsc;
			sourceTree = "<group>";
		};
		333FA9D11BD9268600F984E8 /* src */ = {
			isa = PBXGroup;
			children = (
				333FA9D21BD9268600F984E8 /* ofxOsc.h */,
				333FA9D31BD9268600F984E8 /* ofxOscArg.h */,
				333FA9D41BD9268600F984E8 /* ofxOscBundle.cpp */,
				333FA9D51BD9268600F984E8 /* ofxOscBundle.h */,
				333FA9D61BD9268600F984E8 /* ofxOscMessage.cpp */,
				333FA9D71BD9268600F984E8 /* ofxOscMessage.h */,
				333FA9D81BD9268600F984E8 /* ofxOscParameterSync.cpp */,
				333FA9D91BD9268600F984E8 /* ofxOscParameterSync.h */,
				333FA9DA1BD9268600F984E8 /* ofxOscReceiver.cpp */,
				333FA9DB1BD9268600F984E8 /* ofxOscReceiver.h */,
				333FA9DC1BD9268600F984E8 /* ofxOscSender.cpp */,
				333FA9DD1BD9268600F984E8 /* ofxOscSender.h */,
			);
			name = src;
			path = ../../../addons/ofxOsc/src;
			sourceTree = "<group>";
		};
		333FA9DE1BD9268600F984E8 /* libs */ = {
			isa = PBXGroup;
			children = (
				333FA9DF1BD9268600F984E8 /* oscpack */,
			);
			name = libs;
			path = ../../../addons/ofxOsc/libs;
			sourceTree = "<group>";
		};
		333FA9DF1BD9268600F984E8 /* oscpack */ = {
			isa = PBXGroup;
			children = (
				333FA9E01BD9268600F984E8 /* src */,
			);
			path = oscpack;
			sourceTree = "<group>";
		};
		333FA9E01BD9268600F984E8 /* src */ = {
			isa = PBXGroup;
			children = (
				333FA9E11BD9268600F984E8 /* ip */,
				333FA9EE1BD9268600F984E8 /* osc */,
			);
			path = src;
			sourceTree = "<group>";
		};
		333FA9E11BD9268600F984E8 /* ip */ = {
			isa = PBXGroup;
			children = (
				333FA9E21BD9268600F984E8 /* IpEndpointName.cpp */,
				333FA9E31BD9268600F984E8 /* IpEndpointName.h */,
				333FA9E41BD9268600F984E8 /* NetworkingUtils.h */,
				333FA9E91BD9268600F984E8 /* TimerListener.h */,
				333FA9E51BD9268600F984E8 /* PacketListener.h */,
				333FA9E61BD9268600F984E8 /* posix */,
				333FA9EA1BD9268600F984E8 /* UdpSocket.h */,
			);
			path = ip;
			sourceTree = "<group>";
		};
		333FA9E61BD9268600F984E8 /* posix */ = {
			isa = PBXGroup;
			children = (
				333FA9E71BD9268600F984E8 /* NetworkingUtils.cpp */,
				333FA9E81BD9268600F984E8 /* UdpSocket.cpp */,
			);
			path = posix;
			sourceTree = "<group>";
		};
		333FA9EE1BD9268600F984E8 /* osc */ = {
			isa = PBXGroup;
			children = (
				333FA9EF1BD9268600F984E8 /* MessageMappingOscPacketListener.h */,
				333FA9F01BD9268600F984E8 /* OscException.h */,
				333FA9F11BD9268600F984E8 /* OscHostEndianness.h */,
				333FA9F21BD9268600F984E8 /* OscOutboundPacketStream.cpp */,
				333FA9F31BD9268600F984E8 /* OscOutboundPacketStream.h */,
				333FA9F41BD9268600F984E8 /* OscPacketListener.h */,
				333FA9F51BD9268600F984E8 /* OscPrintReceivedElements.cpp */,
				333FA9F61BD9268600F984E8 /* OscPrintReceivedElements.h */,
				333FA9F71BD9268600F984E8 /* OscReceivedElements.cpp */,
				333FA9F81BD9268600F984E8 /* OscReceivedElements.h */,
				333FA9F91BD9268600F984E8 /* OscTypes.cpp */,
				333FA9FA1BD9268600F984E8 /* OscTypes.h */,
			);
			path = osc;
			sourceTree = "<group>";
		};
		6948EE371B920CB800B5AC1A /* local_addons */ = {
			isa = PBXGroup;
			children = (
			);
			name = local_addons;
			sourceTree = "<group>";
		};
		BB4B014C10F69532006C3DED /* addons */ = {
			isa = PBXGroup;
			children = (
				33259C001BD50728007FD769 /* ofxGui */,
				333FA9D01BD9268600F984E8 /* ofxOsc */,
			);
			name = addons;
			sourceTree = "<group>";
		};
		E4328144138ABC890047C5CB /* Products */ = {
			isa = PBXGroup;
			children = (
				E4328148138ABC890047C5CB /* openFrameworksDebug.a */,
			);
			name = Products;
			sourceTree = "<group>";
		};
		E4B69B4A0A3A1720003C02F2 = {
			isa = PBXGroup;
			children = (
				333FA9CE1BD913F700F984E8 /* data */,
				E4B6FCAD0C3E899E008CF71C /* openFrameworks-Info.plist */,
				E4EB6923138AFD0F00A09F29 /* Project.xcconfig */,
				E4B69E1C0A3A1BDC003C02F2 /* src */,
				E4EEC9E9138DF44700A80321 /* openFrameworks */,
				BB4B014C10F69532006C3DED /* addons */,
				6948EE371B920CB800B5AC1A /* local_addons */,
				E4B69B5B0A3A1756003C02F2 /* PlaySPLOMDebug.app */,
			);
			sourceTree = "<group>";
		};
		E4B69E1C0A3A1BDC003C02F2 /* src */ = {
			isa = PBXGroup;
			children = (
				E4B69E1D0A3A1BDC003C02F2 /* main.cpp */,
				E4B69E1F0A3A1BDC003C02F2 /* ofApp.h */,
				E4B69E1E0A3A1BDC003C02F2 /* ofApp.cpp */,
				3393035D1BCF9E3400EC1286 /* Brush.cpp */,
				3393035E1BCF9E3400EC1286 /* Brush.hpp */,
				33E0856F1BCB93070054B404 /* DataSource.hpp */,
				33E0856E1BCB93070054B404 /* DataSource.cpp */,
				33E9F4341BD011C700A64DE6 /* BoxCoordinates.cpp */,
				33E9F4351BD011C700A64DE6 /* BoxCoordinates.hpp */,
				33E085721BCBAF9A0054B404 /* ScatterPlots.hpp */,
				33E085711BCBAF9A0054B404 /* ScatterPlots.cpp */,
				33934E1F1BD8D46700B96EB9 /* SuperCollider.cpp */,
				33934E201BD8D46700B96EB9 /* SuperCollider.hpp */,
				33E9F4371BD01A2300A64DE6 /* style.h */,
				332314521BCEAFE000188A9B /* mapping.h */,
			);
			path = src;
			sourceTree = SOURCE_ROOT;
		};
		E4EEC9E9138DF44700A80321 /* openFrameworks */ = {
			isa = PBXGroup;
			children = (
				E4EB691F138AFCF100A09F29 /* CoreOF.xcconfig */,
				E4328143138ABC890047C5CB /* openFrameworksLib.xcodeproj */,
			);
			name = openFrameworks;
			sourceTree = "<group>";
		};
/* End PBXGroup section */

/* Begin PBXNativeTarget section */
		E4B69B5A0A3A1756003C02F2 /* PlaySPLOM */ = {
			isa = PBXNativeTarget;
			buildConfigurationList = E4B69B5F0A3A1757003C02F2 /* Build configuration list for PBXNativeTarget "PlaySPLOM" */;
			buildPhases = (
				E4B69B580A3A1756003C02F2 /* Sources */,
				E4B69B590A3A1756003C02F2 /* Frameworks */,
				E4B6FFFD0C3F9AB9008CF71C /* ShellScript */,
				E4C2427710CC5ABF004149E2 /* CopyFiles */,
			);
			buildRules = (
			);
			dependencies = (
				E4EEB9AC138B136A00A80321 /* PBXTargetDependency */,
			);
			name = PlaySPLOM;
			productName = myOFApp;
			productReference = E4B69B5B0A3A1756003C02F2 /* PlaySPLOMDebug.app */;
			productType = "com.apple.product-type.application";
		};
/* End PBXNativeTarget section */

/* Begin PBXProject section */
		E4B69B4C0A3A1720003C02F2 /* Project object */ = {
			isa = PBXProject;
			attributes = {
				LastUpgradeCheck = 0700;
			};
			buildConfigurationList = E4B69B4D0A3A1720003C02F2 /* Build configuration list for PBXProject "PlaySPLOM" */;
			compatibilityVersion = "Xcode 3.2";
			developmentRegion = English;
			hasScannedForEncodings = 0;
			knownRegions = (
				English,
				Japanese,
				French,
				German,
			);
			mainGroup = E4B69B4A0A3A1720003C02F2;
			productRefGroup = E4B69B4A0A3A1720003C02F2;
			projectDirPath = "";
			projectReferences = (
				{
					ProductGroup = E4328144138ABC890047C5CB /* Products */;
					ProjectRef = E4328143138ABC890047C5CB /* openFrameworksLib.xcodeproj */;
				},
			);
			projectRoot = "";
			targets = (
				E4B69B5A0A3A1756003C02F2 /* PlaySPLOM */,
			);
		};
/* End PBXProject section */

/* Begin PBXReferenceProxy section */
		E4328148138ABC890047C5CB /* openFrameworksDebug.a */ = {
			isa = PBXReferenceProxy;
			fileType = archive.ar;
			path = openFrameworksDebug.a;
			remoteRef = E4328147138ABC890047C5CB /* PBXContainerItemProxy */;
			sourceTree = BUILT_PRODUCTS_DIR;
		};
/* End PBXReferenceProxy section */

/* Begin PBXShellScriptBuildPhase section */
		E4B6FFFD0C3F9AB9008CF71C /* ShellScript */ = {
			isa = PBXShellScriptBuildPhase;
			buildActionMask = 2147483647;
			files = (
			);
			inputPaths = (
			);
			outputPaths = (
			);
			runOnlyForDeploymentPostprocessing = 0;
			shellPath = /bin/sh;
			shellScript = "rsync -aved ../../../libs/fmodex/lib/osx/libfmodex.dylib \"$TARGET_BUILD_DIR/$PRODUCT_NAME.app/Contents/MacOS/\"; install_name_tool -change ./libfmodex.dylib @executable_path/libfmodex.dylib \"$TARGET_BUILD_DIR/$PRODUCT_NAME.app/Contents/MacOS/$PRODUCT_NAME\";\nmkdir -p \"$TARGET_BUILD_DIR/$PRODUCT_NAME.app/Contents/Resources/\"\nrsync -aved \"$ICON_FILE\" \"$TARGET_BUILD_DIR/$PRODUCT_NAME.app/Contents/Resources/\"\nrsync -aved ../../../libs/glut/lib/osx/GLUT.framework \"$TARGET_BUILD_DIR/$PRODUCT_NAME.app/Contents/Frameworks/\"\n";
		};
/* End PBXShellScriptBuildPhase section */

/* Begin PBXSourcesBuildPhase section */
		E4B69B580A3A1756003C02F2 /* Sources */ = {
			isa = PBXSourcesBuildPhase;
			buildActionMask = 2147483647;
			files = (
				3393035F1BCF9E3400EC1286 /* Brush.cpp in Sources */,
				33259C1A1BD50728007FD769 /* ofxToggle.cpp in Sources */,
				333FA9FE1BD9268600F984E8 /* ofxOscReceiver.cpp in Sources */,
				33E9F4361BD011C700A64DE6 /* BoxCoordinates.cpp in Sources */,
				33259C161BD50728007FD769 /* ofxLabel.cpp in Sources */,
				333FAA051BD9268600F984E8 /* OscReceivedElements.cpp in Sources */,
				33259C191BD50728007FD769 /* ofxSliderGroup.cpp in Sources */,
				333FAA021BD9268600F984E8 /* UdpSocket.cpp in Sources */,
				333FAA041BD9268600F984E8 /* OscPrintReceivedElements.cpp in Sources */,
				33E0857A1BCC14A60054B404 /* ScatterPlots.cpp in Sources */,
				33934E211BD8D46700B96EB9 /* SuperCollider.cpp in Sources */,
				33E085701BCB93070054B404 /* DataSource.cpp in Sources */,
				33259C171BD50728007FD769 /* ofxPanel.cpp in Sources */,
				33259C151BD50728007FD769 /* ofxGuiGroup.cpp in Sources */,
				E4B69E200A3A1BDC003C02F2 /* main.cpp in Sources */,
				333FAA061BD9268600F984E8 /* OscTypes.cpp in Sources */,
				33259C131BD50728007FD769 /* ofxBaseGui.cpp in Sources */,
				333FA9FD1BD9268600F984E8 /* ofxOscParameterSync.cpp in Sources */,
				E4B69E210A3A1BDC003C02F2 /* ofApp.cpp in Sources */,
				333FA9FC1BD9268600F984E8 /* ofxOscMessage.cpp in Sources */,
				333FAA001BD9268600F984E8 /* IpEndpointName.cpp in Sources */,
				333FA9FF1BD9268600F984E8 /* ofxOscSender.cpp in Sources */,
				333FA9FB1BD9268600F984E8 /* ofxOscBundle.cpp in Sources */,
				333FAA011BD9268600F984E8 /* NetworkingUtils.cpp in Sources */,
				333FAA031BD9268600F984E8 /* OscOutboundPacketStream.cpp in Sources */,
				33259C181BD50728007FD769 /* ofxSlider.cpp in Sources */,
				33259C141BD50728007FD769 /* ofxButton.cpp in Sources */,
			);
			runOnlyForDeploymentPostprocessing = 0;
		};
/* End PBXSourcesBuildPhase section */

/* Begin PBXTargetDependency section */
		E4EEB9AC138B136A00A80321 /* PBXTargetDependency */ = {
			isa = PBXTargetDependency;
			name = openFrameworks;
			targetProxy = E4EEB9AB138B136A00A80321 /* PBXContainerItemProxy */;
		};
/* End PBXTargetDependency section */

/* Begin XCBuildConfiguration section */
		E4B69B4E0A3A1720003C02F2 /* Debug */ = {
			isa = XCBuildConfiguration;
			baseConfigurationReference = E4EB6923138AFD0F00A09F29 /* Project.xcconfig */;
			buildSettings = {
				ALWAYS_SEARCH_USER_PATHS = YES;
				CONFIGURATION_BUILD_DIR = "$(SRCROOT)/bin/";
				COPY_PHASE_STRIP = NO;
				DEAD_CODE_STRIPPING = YES;
				ENABLE_TESTABILITY = YES;
				GCC_AUTO_VECTORIZATION = YES;
				GCC_ENABLE_SSE3_EXTENSIONS = YES;
				GCC_ENABLE_SUPPLEMENTAL_SSE3_INSTRUCTIONS = YES;
				GCC_INLINES_ARE_PRIVATE_EXTERN = NO;
				GCC_OPTIMIZATION_LEVEL = 0;
				GCC_SYMBOLS_PRIVATE_EXTERN = NO;
				GCC_WARN_ABOUT_DEPRECATED_FUNCTIONS = YES;
				GCC_WARN_ABOUT_INVALID_OFFSETOF_MACRO = NO;
				GCC_WARN_ALLOW_INCOMPLETE_PROTOCOL = NO;
				GCC_WARN_UNINITIALIZED_AUTOS = NO;
				GCC_WARN_UNUSED_VALUE = NO;
				GCC_WARN_UNUSED_VARIABLE = NO;
				HEADER_SEARCH_PATHS = (
					"$(OF_CORE_HEADERS)",
					src,
				);
				MACOSX_DEPLOYMENT_TARGET = 10.7;
				ONLY_ACTIVE_ARCH = YES;
				OTHER_CPLUSPLUSFLAGS = (
					"-D__MACOSX_CORE__",
					"-mtune=native",
				);
				SDKROOT = macosx;
				USER_HEADER_SEARCH_PATHS = "";
			};
			name = Debug;
		};
		E4B69B4F0A3A1720003C02F2 /* Release */ = {
			isa = XCBuildConfiguration;
			baseConfigurationReference = E4EB6923138AFD0F00A09F29 /* Project.xcconfig */;
			buildSettings = {
				ALWAYS_SEARCH_USER_PATHS = YES;
				CONFIGURATION_BUILD_DIR = "$(SRCROOT)/bin/";
				COPY_PHASE_STRIP = YES;
				DEAD_CODE_STRIPPING = YES;
				GCC_AUTO_VECTORIZATION = YES;
				GCC_ENABLE_SSE3_EXTENSIONS = YES;
				GCC_ENABLE_SUPPLEMENTAL_SSE3_INSTRUCTIONS = YES;
				GCC_INLINES_ARE_PRIVATE_EXTERN = NO;
				GCC_OPTIMIZATION_LEVEL = 3;
				GCC_SYMBOLS_PRIVATE_EXTERN = NO;
				GCC_UNROLL_LOOPS = YES;
				GCC_WARN_ABOUT_DEPRECATED_FUNCTIONS = YES;
				GCC_WARN_ABOUT_INVALID_OFFSETOF_MACRO = NO;
				GCC_WARN_ALLOW_INCOMPLETE_PROTOCOL = NO;
				GCC_WARN_UNINITIALIZED_AUTOS = NO;
				GCC_WARN_UNUSED_VALUE = NO;
				GCC_WARN_UNUSED_VARIABLE = NO;
				HEADER_SEARCH_PATHS = (
					"$(OF_CORE_HEADERS)",
					src,
				);
				MACOSX_DEPLOYMENT_TARGET = 10.7;
				OTHER_CPLUSPLUSFLAGS = (
					"-D__MACOSX_CORE__",
					"-mtune=native",
				);
				SDKROOT = macosx;
				USER_HEADER_SEARCH_PATHS = "";
			};
			name = Release;
		};
		E4B69B600A3A1757003C02F2 /* Debug */ = {
			isa = XCBuildConfiguration;
			baseConfigurationReference = E4EB6923138AFD0F00A09F29 /* Project.xcconfig */;
			buildSettings = {
				COMBINE_HIDPI_IMAGES = YES;
				COPY_PHASE_STRIP = NO;
				FRAMEWORK_SEARCH_PATHS = (
					"$(inherited)",
					"$(FRAMEWORK_SEARCH_PATHS_QUOTED_FOR_TARGET_1)",
				);
				FRAMEWORK_SEARCH_PATHS_QUOTED_FOR_TARGET_1 = "\"$(SRCROOT)/../../../libs/glut/lib/osx\"";
				GCC_DYNAMIC_NO_PIC = NO;
				GCC_GENERATE_DEBUGGING_SYMBOLS = YES;
				GCC_MODEL_TUNING = NONE;
				HEADER_SEARCH_PATHS = (
					"$(OF_CORE_HEADERS)",
					src,
					"$(OF_PATH)/addons/ofxOsc/libs",
					"$(OF_PATH)/addons/ofxOsc/libs/oscpack",
					"$(OF_PATH)/addons/ofxOsc/libs/oscpack/src",
					"$(OF_PATH)/addons/ofxOsc/libs/oscpack/src/ip",
					"$(OF_PATH)/addons/ofxOsc/libs/oscpack/src/ip/posix",
					"$(OF_PATH)/addons/ofxOsc/libs/oscpack/src/ip/win32",
					"$(OF_PATH)/addons/ofxOsc/libs/oscpack/src/osc",
					"$(OF_PATH)/addons/ofxOsc/src",
				);
				ICON = "$(ICON_NAME_DEBUG)";
				ICON_FILE = "$(ICON_FILE_PATH)$(ICON)";
				INFOPLIST_FILE = "openFrameworks-Info.plist";
				INSTALL_PATH = "$(HOME)/Applications";
				LIBRARY_SEARCH_PATHS = "$(inherited)";
				PRODUCT_BUNDLE_IDENTIFIER = cc.openFrameworks.ofapp;
				PRODUCT_NAME = "$(TARGET_NAME)Debug";
				USER_HEADER_SEARCH_PATHS = "";
				WRAPPER_EXTENSION = app;
			};
			name = Debug;
		};
		E4B69B610A3A1757003C02F2 /* Release */ = {
			isa = XCBuildConfiguration;
			baseConfigurationReference = E4EB6923138AFD0F00A09F29 /* Project.xcconfig */;
			buildSettings = {
				COMBINE_HIDPI_IMAGES = YES;
				COPY_PHASE_STRIP = YES;
				FRAMEWORK_SEARCH_PATHS = (
					"$(inherited)",
					"$(FRAMEWORK_SEARCH_PATHS_QUOTED_FOR_TARGET_1)",
				);
				FRAMEWORK_SEARCH_PATHS_QUOTED_FOR_TARGET_1 = "\"$(SRCROOT)/../../../libs/glut/lib/osx\"";
				GCC_GENERATE_DEBUGGING_SYMBOLS = YES;
				GCC_MODEL_TUNING = NONE;
				HEADER_SEARCH_PATHS = (
					"$(OF_CORE_HEADERS)",
					src,
					"$(OF_PATH)/addons/ofxOsc/libs",
					"$(OF_PATH)/addons/ofxOsc/libs/oscpack",
					"$(OF_PATH)/addons/ofxOsc/libs/oscpack/src",
					"$(OF_PATH)/addons/ofxOsc/libs/oscpack/src/ip",
					"$(OF_PATH)/addons/ofxOsc/libs/oscpack/src/ip/posix",
					"$(OF_PATH)/addons/ofxOsc/libs/oscpack/src/ip/win32",
					"$(OF_PATH)/addons/ofxOsc/libs/oscpack/src/osc",
					"$(OF_PATH)/addons/ofxOsc/src",
				);
				ICON = "$(ICON_NAME_RELEASE)";
				ICON_FILE = "$(ICON_FILE_PATH)$(ICON)";
				INFOPLIST_FILE = "openFrameworks-Info.plist";
				INSTALL_PATH = "$(HOME)/Applications";
				LIBRARY_SEARCH_PATHS = "$(inherited)";
				PRODUCT_BUNDLE_IDENTIFIER = cc.openFrameworks.ofapp;
				PRODUCT_NAME = "$(TARGET_NAME)";
				USER_HEADER_SEARCH_PATHS = "";
				WRAPPER_EXTENSION = app;
				baseConfigurationReference = E4EB6923138AFD0F00A09F29;
			};
			name = Release;
		};
/* End XCBuildConfiguration section */

/* Begin XCConfigurationList section */
		E4B69B4D0A3A1720003C02F2 /* Build configuration list for PBXProject "PlaySPLOM" */ = {
			isa = XCConfigurationList;
			buildConfigurations = (
				E4B69B4E0A3A1720003C02F2 /* Debug */,
				E4B69B4F0A3A1720003C02F2 /* Release */,
			);
			defaultConfigurationIsVisible = 0;
			defaultConfigurationName = Release;
		};
		E4B69B5F0A3A1757003C02F2 /* Build configuration list for PBXNativeTarget "PlaySPLOM" */ = {
			isa = XCConfigurationList;
			buildConfigurations = (
				E4B69B600A3A1757003C02F2 /* Debug */,
				E4B69B610A3A1757003C02F2 /* Release */,
			);
			defaultConfigurationIsVisible = 0;
			defaultConfigurationName = Release;
		};
/* End XCConfigurationList section */
	};
	rootObject = E4B69B4C0A3A1720003C02F2 /* Project object */;
}
